{
  "name": "zha0cai",
  "lockfileVersion": 2,
  "requires": true,
  "packages": {
    "": {
      "devDependencies": {
        "gitbook-plugin-versions-select": "^0.1.1"
      }
    },
    "node_modules/gitbook-plugin-versions-select": {
      "version": "0.1.1",
      "resolved": "https://registry.npmjs.org/gitbook-plugin-versions-select/-/gitbook-plugin-versions-select-0.1.1.tgz",
      "integrity": "sha512-yo4yqgXnNwMuR8jwKdMrlnq2g6ma0FTHL5tGtrdGJEaDi893j6hQUxM3QncanZgoFX0H10vMrxGUPE4GvAsHiQ==",
      "dev": true,
      "engines": {
        "gitbook": ">=2.4.1"
      }
    }
  },
  "dependencies": {
    "gitbook-plugin-versions-select": {
      "version": "0.1.1",
      "resolved": "https://registry.npmjs.org/gitbook-plugin-versions-select/-/gitbook-plugin-versions-select-0.1.1.tgz",
      "integrity": "sha512-yo4yqgXnNwMuR8jwKdMrlnq2g6ma0FTHL5tGtrdGJEaDi893j6hQUxM3QncanZgoFX0H10vMrxGUPE4GvAsHiQ==",
      "dev": true
    }
  }
}
